// !$*UTF8*$!
{
	archiveVersion = 1;
	classes = {
	};
	objectVersion = 50;
	objects = {

/* Begin PBXBuildFile section */
		1D51C9F525B0DACC00FACA9F /* AppDelegate.swift in Sources */ = {isa = PBXBuildFile; fileRef = 1D51C9F425B0DACC00FACA9F /* AppDelegate.swift */; };
		1D51C9F725B0DACC00FACA9F /* SceneDelegate.swift in Sources */ = {isa = PBXBuildFile; fileRef = 1D51C9F625B0DACC00FACA9F /* SceneDelegate.swift */; };
		1D51C9F925B0DACC00FACA9F /* ViewController.swift in Sources */ = {isa = PBXBuildFile; fileRef = 1D51C9F825B0DACC00FACA9F /* ViewController.swift */; };
		1D51C9FC25B0DACC00FACA9F /* Main.storyboard in Resources */ = {isa = PBXBuildFile; fileRef = 1D51C9FA25B0DACC00FACA9F /* Main.storyboard */; };
		1D51C9FE25B0DACF00FACA9F /* Assets.xcassets in Resources */ = {isa = PBXBuildFile; fileRef = 1D51C9FD25B0DACF00FACA9F /* Assets.xcassets */; };
		1D51CA0125B0DACF00FACA9F /* LaunchScreen.storyboard in Resources */ = {isa = PBXBuildFile; fileRef = 1D51C9FF25B0DACF00FACA9F /* LaunchScreen.storyboard */; };
		1D51CA1725B0DAD000FACA9F /* XE_02_LifeCycleUITests.swift in Sources */ = {isa = PBXBuildFile; fileRef = 1D51CA1625B0DAD000FACA9F /* XE_02_LifeCycleUITests.swift */; };
		1D51CA2825B0DB2600FACA9F /* MyClass.swift in Sources */ = {isa = PBXBuildFile; fileRef = 1D51CA2725B0DB2600FACA9F /* MyClass.swift */; };
		1D51CA2D25B0DB4300FACA9F /* MyClassTests.swift in Sources */ = {isa = PBXBuildFile; fileRef = 1D51CA2C25B0DB4300FACA9F /* MyClassTests.swift */; };
/* End PBXBuildFile section */

/* Begin PBXContainerItemProxy section */
		1D51CA0825B0DAD000FACA9F /* PBXContainerItemProxy */ = {
			isa = PBXContainerItemProxy;
			containerPortal = 1D51C9E925B0DACC00FACA9F /* Project object */;
			proxyType = 1;
			remoteGlobalIDString = 1D51C9F025B0DACC00FACA9F;
			remoteInfo = "XE-02-LifeCycle";
		};
		1D51CA1325B0DAD000FACA9F /* PBXContainerItemProxy */ = {
			isa = PBXContainerItemProxy;
			containerPortal = 1D51C9E925B0DACC00FACA9F /* Project object */;
			proxyType = 1;
			remoteGlobalIDString = 1D51C9F025B0DACC00FACA9F;
			remoteInfo = "XE-02-LifeCycle";
		};
/* End PBXContainerItemProxy section */

/* Begin PBXFileReference section */
		1D51C9F125B0DACC00FACA9F /* XE-02-LifeCycle.app */ = {isa = PBXFileReference; explicitFileType = wrapper.application; includeInIndex = 0; path = "XE-02-LifeCycle.app"; sourceTree = BUILT_PRODUCTS_DIR; };
		1D51C9F425B0DACC00FACA9F /* AppDelegate.swift */ = {isa = PBXFileReference; lastKnownFileType = sourcecode.swift; path = AppDelegate.swift; sourceTree = "<group>"; };
		1D51C9F625B0DACC00FACA9F /* SceneDelegate.swift */ = {isa = PBXFileReference; lastKnownFileType = sourcecode.swift; path = SceneDelegate.swift; sourceTree = "<group>"; };
		1D51C9F825B0DACC00FACA9F /* ViewController.swift */ = {isa = PBXFileReference; lastKnownFileType = sourcecode.swift; path = ViewController.swift; sourceTree = "<group>"; };
		1D51C9FB25B0DACC00FACA9F /* Base */ = {isa = PBXFileReference; lastKnownFileType = file.storyboard; name = Base; path = Base.lproj/Main.storyboard; sourceTree = "<group>"; };
		1D51C9FD25B0DACF00FACA9F /* Assets.xcassets */ = {isa = PBXFileReference; lastKnownFileType = folder.assetcatalog; path = Assets.xcassets; sourceTree = "<group>"; };
		1D51CA0025B0DACF00FACA9F /* Base */ = {isa = PBXFileReference; lastKnownFileType = file.storyboard; name = Base; path = Base.lproj/LaunchScreen.storyboard; sourceTree = "<group>"; };
		1D51CA0225B0DACF00FACA9F /* Info.plist */ = {isa = PBXFileReference; lastKnownFileType = text.plist.xml; path = Info.plist; sourceTree = "<group>"; };
		1D51CA0725B0DAD000FACA9F /* XE-02-LifeCycleTests.xctest */ = {isa = PBXFileReference; explicitFileType = wrapper.cfbundle; includeInIndex = 0; path = "XE-02-LifeCycleTests.xctest"; sourceTree = BUILT_PRODUCTS_DIR; };
		1D51CA0D25B0DAD000FACA9F /* Info.plist */ = {isa = PBXFileReference; lastKnownFileType = text.plist.xml; path = Info.plist; sourceTree = "<group>"; };
		1D51CA1225B0DAD000FACA9F /* XE-02-LifeCycleUITests.xctest */ = {isa = PBXFileReference; explicitFileType = wrapper.cfbundle; includeInIndex = 0; path = "XE-02-LifeCycleUITests.xctest"; sourceTree = BUILT_PRODUCTS_DIR; };
		1D51CA1625B0DAD000FACA9F /* XE_02_LifeCycleUITests.swift */ = {isa = PBXFileReference; lastKnownFileType = sourcecode.swift; path = XE_02_LifeCycleUITests.swift; sourceTree = "<group>"; };
		1D51CA1825B0DAD000FACA9F /* Info.plist */ = {isa = PBXFileReference; lastKnownFileType = text.plist.xml; path = Info.plist; sourceTree = "<group>"; };
		1D51CA2725B0DB2600FACA9F /* MyClass.swift */ = {isa = PBXFileReference; lastKnownFileType = sourcecode.swift; path = MyClass.swift; sourceTree = "<group>"; };
		1D51CA2C25B0DB4300FACA9F /* MyClassTests.swift */ = {isa = PBXFileReference; lastKnownFileType = sourcecode.swift; path = MyClassTests.swift; sourceTree = "<group>"; };
/* End PBXFileReference section */

/* Begin PBXFrameworksBuildPhase section */
		1D51C9EE25B0DACC00FACA9F /* Frameworks */ = {
			isa = PBXFrameworksBuildPhase;
			buildActionMask = 2147483647;
			files = (
			);
			runOnlyForDeploymentPostprocessing = 0;
		};
		1D51CA0425B0DAD000FACA9F /* Frameworks */ = {
			isa = PBXFrameworksBuildPhase;
			buildActionMask = 2147483647;
			files = (
			);
			runOnlyForDeploymentPostprocessing = 0;
		};
		1D51CA0F25B0DAD000FACA9F /* Frameworks */ = {
			isa = PBXFrameworksBuildPhase;
			buildActionMask = 2147483647;
			files = (
			);
			runOnlyForDeploymentPostprocessing = 0;
		};
/* End PBXFrameworksBuildPhase section */

/* Begin PBXGroup section */
		1D51C9E825B0DACC00FACA9F = {
			isa = PBXGroup;
			children = (
				1D51C9F325B0DACC00FACA9F /* XE-02-LifeCycle */,
				1D51CA0A25B0DAD000FACA9F /* XE-02-LifeCycleTests */,
				1D51CA1525B0DAD000FACA9F /* XE-02-LifeCycleUITests */,
				1D51C9F225B0DACC00FACA9F /* Products */,
			);
			sourceTree = "<group>";
		};
		1D51C9F225B0DACC00FACA9F /* Products */ = {
			isa = PBXGroup;
			children = (
				1D51C9F125B0DACC00FACA9F /* XE-02-LifeCycle.app */,
				1D51CA0725B0DAD000FACA9F /* XE-02-LifeCycleTests.xctest */,
				1D51CA1225B0DAD000FACA9F /* XE-02-LifeCycleUITests.xctest */,
			);
			name = Products;
			sourceTree = "<group>";
		};
		1D51C9F325B0DACC00FACA9F /* XE-02-LifeCycle */ = {
			isa = PBXGroup;
			children = (
				1D51CA2725B0DB2600FACA9F /* MyClass.swift */,
				1D51C9F425B0DACC00FACA9F /* AppDelegate.swift */,
				1D51C9F625B0DACC00FACA9F /* SceneDelegate.swift */,
				1D51C9F825B0DACC00FACA9F /* ViewController.swift */,
				1D51C9FA25B0DACC00FACA9F /* Main.storyboard */,
				1D51C9FD25B0DACF00FACA9F /* Assets.xcassets */,
				1D51C9FF25B0DACF00FACA9F /* LaunchScreen.storyboard */,
				1D51CA0225B0DACF00FACA9F /* Info.plist */,
			);
			path = "XE-02-LifeCycle";
			sourceTree = "<group>";
		};
		1D51CA0A25B0DAD000FACA9F /* XE-02-LifeCycleTests */ = {
			isa = PBXGroup;
			children = (
				1D51CA2C25B0DB4300FACA9F /* MyClassTests.swift */,
				1D51CA0D25B0DAD000FACA9F /* Info.plist */,
			);
			path = "XE-02-LifeCycleTests";
			sourceTree = "<group>";
		};
		1D51CA1525B0DAD000FACA9F /* XE-02-LifeCycleUITests */ = {
			isa = PBXGroup;
			children = (
				1D51CA1625B0DAD000FACA9F /* XE_02_LifeCycleUITests.swift */,
				1D51CA1825B0DAD000FACA9F /* Info.plist */,
			);
			path = "XE-02-LifeCycleUITests";
			sourceTree = "<group>";
		};
/* End PBXGroup section */

/* Begin PBXNativeTarget section */
		1D51C9F025B0DACC00FACA9F /* XE-02-LifeCycle */ = {
			isa = PBXNativeTarget;
			buildConfigurationList = 1D51CA1B25B0DAD000FACA9F /* Build configuration list for PBXNativeTarget "XE-02-LifeCycle" */;
			buildPhases = (
				1D51C9ED25B0DACC00FACA9F /* Sources */,
				1D51C9EE25B0DACC00FACA9F /* Frameworks */,
				1D51C9EF25B0DACC00FACA9F /* Resources */,
			);
			buildRules = (
			);
			dependencies = (
			);
			name = "XE-02-LifeCycle";
			productName = "XE-02-LifeCycle";
			productReference = 1D51C9F125B0DACC00FACA9F /* XE-02-LifeCycle.app */;
			productType = "com.apple.product-type.application";
		};
		1D51CA0625B0DAD000FACA9F /* XE-02-LifeCycleTests */ = {
			isa = PBXNativeTarget;
			buildConfigurationList = 1D51CA1E25B0DAD000FACA9F /* Build configuration list for PBXNativeTarget "XE-02-LifeCycleTests" */;
			buildPhases = (
				1D51CA0325B0DAD000FACA9F /* Sources */,
				1D51CA0425B0DAD000FACA9F /* Frameworks */,
				1D51CA0525B0DAD000FACA9F /* Resources */,
			);
			buildRules = (
			);
			dependencies = (
				1D51CA0925B0DAD000FACA9F /* PBXTargetDependency */,
			);
			name = "XE-02-LifeCycleTests";
			productName = "XE-02-LifeCycleTests";
			productReference = 1D51CA0725B0DAD000FACA9F /* XE-02-LifeCycleTests.xctest */;
			productType = "com.apple.product-type.bundle.unit-test";
		};
		1D51CA1125B0DAD000FACA9F /* XE-02-LifeCycleUITests */ = {
			isa = PBXNativeTarget;
			buildConfigurationList = 1D51CA2125B0DAD000FACA9F /* Build configuration list for PBXNativeTarget "XE-02-LifeCycleUITests" */;
			buildPhases = (
				1D51CA0E25B0DAD000FACA9F /* Sources */,
				1D51CA0F25B0DAD000FACA9F /* Frameworks */,
				1D51CA1025B0DAD000FACA9F /* Resources */,
			);
			buildRules = (
			);
			dependencies = (
				1D51CA1425B0DAD000FACA9F /* PBXTargetDependency */,
			);
			name = "XE-02-LifeCycleUITests";
			productName = "XE-02-LifeCycleUITests";
			productReference = 1D51CA1225B0DAD000FACA9F /* XE-02-LifeCycleUITests.xctest */;
			productType = "com.apple.product-type.bundle.ui-testing";
		};
/* End PBXNativeTarget section */

/* Begin PBXProject section */
		1D51C9E925B0DACC00FACA9F /* Project object */ = {
			isa = PBXProject;
			attributes = {
				LastSwiftUpdateCheck = 1230;
				LastUpgradeCheck = 1230;
				TargetAttributes = {
					1D51C9F025B0DACC00FACA9F = {
						CreatedOnToolsVersion = 12.3;
					};
					1D51CA0625B0DAD000FACA9F = {
						CreatedOnToolsVersion = 12.3;
						TestTargetID = 1D51C9F025B0DACC00FACA9F;
					};
					1D51CA1125B0DAD000FACA9F = {
						CreatedOnToolsVersion = 12.3;
						TestTargetID = 1D51C9F025B0DACC00FACA9F;
					};
				};
			};
			buildConfigurationList = 1D51C9EC25B0DACC00FACA9F /* Build configuration list for PBXProject "XE-02-LifeCycle" */;
			compatibilityVersion = "Xcode 9.3";
			developmentRegion = en;
			hasScannedForEncodings = 0;
			knownRegions = (
				en,
				Base,
			);
			mainGroup = 1D51C9E825B0DACC00FACA9F;
			productRefGroup = 1D51C9F225B0DACC00FACA9F /* Products */;
			projectDirPath = "";
			projectRoot = "";
			targets = (
				1D51C9F025B0DACC00FACA9F /* XE-02-LifeCycle */,
				1D51CA0625B0DAD000FACA9F /* XE-02-LifeCycleTests */,
				1D51CA1125B0DAD000FACA9F /* XE-02-LifeCycleUITests */,
			);
		};
/* End PBXProject section */

/* Begin PBXResourcesBuildPhase section */
		1D51C9EF25B0DACC00FACA9F /* Resources */ = {
			isa = PBXResourcesBuildPhase;
			buildActionMask = 2147483647;
			files = (
				1D51CA0125B0DACF00FACA9F /* LaunchScreen.storyboard in Resources */,
				1D51C9FE25B0DACF00FACA9F /* Assets.xcassets in Resources */,
				1D51C9FC25B0DACC00FACA9F /* Main.storyboard in Resources */,
			);
			runOnlyForDeploymentPostprocessing = 0;
		};
		1D51CA0525B0DAD000FACA9F /* Resources */ = {
			isa = PBXResourcesBuildPhase;
			buildActionMask = 2147483647;
			files = (
			);
			runOnlyForDeploymentPostprocessing = 0;
		};
		1D51CA1025B0DAD000FACA9F /* Resources */ = {
			isa = PBXResourcesBuildPhase;
			buildActionMask = 2147483647;
			files = (
			);
			runOnlyForDeploymentPostprocessing = 0;
		};
/* End PBXResourcesBuildPhase section */

/* Begin PBXSourcesBuildPhase section */
		1D51C9ED25B0DACC00FACA9F /* Sources */ = {
			isa = PBXSourcesBuildPhase;
			buildActionMask = 2147483647;
			files = (
				1D51CA2825B0DB2600FACA9F /* MyClass.swift in Sources */,
				1D51C9F925B0DACC00FACA9F /* ViewController.swift in Sources */,
				1D51C9F525B0DACC00FACA9F /* AppDelegate.swift in Sources */,
				1D51C9F725B0DACC00FACA9F /* SceneDelegate.swift in Sources */,
			);
			runOnlyForDeploymentPostprocessing = 0;
		};
		1D51CA0325B0DAD000FACA9F /* Sources */ = {
			isa = PBXSourcesBuildPhase;
			buildActionMask = 2147483647;
			files = (
				1D51CA2D25B0DB4300FACA9F /* MyClassTests.swift in Sources */,
			);
			runOnlyForDeploymentPostprocessing = 0;
		};
		1D51CA0E25B0DAD000FACA9F /* Sources */ = {
			isa = PBXSourcesBuildPhase;
			buildActionMask = 2147483647;
			files = (
				1D51CA1725B0DAD000FACA9F /* XE_02_LifeCycleUITests.swift in Sources */,
			);
			runOnlyForDeploymentPostprocessing = 0;
		};
/* End PBXSourcesBuildPhase section */

/* Begin PBXTargetDependency section */
		1D51CA0925B0DAD000FACA9F /* PBXTargetDependency */ = {
			isa = PBXTargetDependency;
			target = 1D51C9F025B0DACC00FACA9F /* XE-02-LifeCycle */;
			targetProxy = 1D51CA0825B0DAD000FACA9F /* PBXContainerItemProxy */;
		};
		1D51CA1425B0DAD000FACA9F /* PBXTargetDependency */ = {
			isa = PBXTargetDependency;
			target = 1D51C9F025B0DACC00FACA9F /* XE-02-LifeCycle */;
			targetProxy = 1D51CA1325B0DAD000FACA9F /* PBXContainerItemProxy */;
		};
/* End PBXTargetDependency section */

/* Begin PBXVariantGroup section */
		1D51C9FA25B0DACC00FACA9F /* Main.storyboard */ = {
			isa = PBXVariantGroup;
			children = (
				1D51C9FB25B0DACC00FACA9F /* Base */,
			);
			name = Main.storyboard;
			sourceTree = "<group>";
		};
		1D51C9FF25B0DACF00FACA9F /* LaunchScreen.storyboard */ = {
			isa = PBXVariantGroup;
			children = (
				1D51CA0025B0DACF00FACA9F /* Base */,
			);
			name = LaunchScreen.storyboard;
			sourceTree = "<group>";
		};
/* End PBXVariantGroup section */

/* Begin XCBuildConfiguration section */
		1D51CA1925B0DAD000FACA9F /* Debug */ = {
			isa = XCBuildConfiguration;
			buildSettings = {
				ALWAYS_SEARCH_USER_PATHS = NO;
				CLANG_ANALYZER_NONNULL = YES;
				CLANG_ANALYZER_NUMBER_OBJECT_CONVERSION = YES_AGGRESSIVE;
				CLANG_CXX_LANGUAGE_STANDARD = "gnu++14";
				CLANG_CXX_LIBRARY = "libc++";
				CLANG_ENABLE_MODULES = YES;
				CLANG_ENABLE_OBJC_ARC = YES;
				CLANG_ENABLE_OBJC_WEAK = YES;
				CLANG_WARN_BLOCK_CAPTURE_AUTORELEASING = YES;
				CLANG_WARN_BOOL_CONVERSION = YES;
				CLANG_WARN_COMMA = YES;
				CLANG_WARN_CONSTANT_CONVERSION = YES;
				CLANG_WARN_DEPRECATED_OBJC_IMPLEMENTATIONS = YES;
				CLANG_WARN_DIRECT_OBJC_ISA_USAGE = YES_ERROR;
				CLANG_WARN_DOCUMENTATION_COMMENTS = YES;
				CLANG_WARN_EMPTY_BODY = YES;
				CLANG_WARN_ENUM_CONVERSION = YES;
				CLANG_WARN_INFINITE_RECURSION = YES;
				CLANG_WARN_INT_CONVERSION = YES;
				CLANG_WARN_NON_LITERAL_NULL_CONVERSION = YES;
				CLANG_WARN_OBJC_IMPLICIT_RETAIN_SELF = YES;
				CLANG_WARN_OBJC_LITERAL_CONVERSION = YES;
				CLANG_WARN_OBJC_ROOT_CLASS = YES_ERROR;
				CLANG_WARN_QUOTED_INCLUDE_IN_FRAMEWORK_HEADER = YES;
				CLANG_WARN_RANGE_LOOP_ANALYSIS = YES;
				CLANG_WARN_STRICT_PROTOTYPES = YES;
				CLANG_WARN_SUSPICIOUS_MOVE = YES;
				CLANG_WARN_UNGUARDED_AVAILABILITY = YES_AGGRESSIVE;
				CLANG_WARN_UNREACHABLE_CODE = YES;
				CLANG_WARN__DUPLICATE_METHOD_MATCH = YES;
				COPY_PHASE_STRIP = NO;
				DEBUG_INFORMATION_FORMAT = dwarf;
				ENABLE_STRICT_OBJC_MSGSEND = YES;
				ENABLE_TESTABILITY = YES;
				GCC_C_LANGUAGE_STANDARD = gnu11;
				GCC_DYNAMIC_NO_PIC = NO;
				GCC_NO_COMMON_BLOCKS = YES;
				GCC_OPTIMIZATION_LEVEL = 0;
				GCC_PREPROCESSOR_DEFINITIONS = (
					"DEBUG=1",
					"$(inherited)",
				);
				GCC_WARN_64_TO_32_BIT_CONVERSION = YES;
				GCC_WARN_ABOUT_RETURN_TYPE = YES_ERROR;
				GCC_WARN_UNDECLARED_SELECTOR = YES;
				GCC_WARN_UNINITIALIZED_AUTOS = YES_AGGRESSIVE;
				GCC_WARN_UNUSED_FUNCTION = YES;
				GCC_WARN_UNUSED_VARIABLE = YES;
				IPHONEOS_DEPLOYMENT_TARGET = 14.3;
				MTL_ENABLE_DEBUG_INFO = INCLUDE_SOURCE;
				MTL_FAST_MATH = YES;
				ONLY_ACTIVE_ARCH = YES;
				SDKROOT = iphoneos;
				SWIFT_ACTIVE_COMPILATION_CONDITIONS = DEBUG;
				SWIFT_OPTIMIZATION_LEVEL = "-Onone";
			};
			name = Debug;
		};
		1D51CA1A25B0DAD000FACA9F /* Release */ = {
			isa = XCBuildConfiguration;
			buildSettings = {
				ALWAYS_SEARCH_USER_PATHS = NO;
				CLANG_ANALYZER_NONNULL = YES;
				CLANG_ANALYZER_NUMBER_OBJECT_CONVERSION = YES_AGGRESSIVE;
				CLANG_CXX_LANGUAGE_STANDARD = "gnu++14";
				CLANG_CXX_LIBRARY = "libc++";
				CLANG_ENABLE_MODULES = YES;
				CLANG_ENABLE_OBJC_ARC = YES;
				CLANG_ENABLE_OBJC_WEAK = YES;
				CLANG_WARN_BLOCK_CAPTURE_AUTORELEASING = YES;
				CLANG_WARN_BOOL_CONVERSION = YES;
				CLANG_WARN_COMMA = YES;
				CLANG_WARN_CONSTANT_CONVERSION = YES;
				CLANG_WARN_DEPRECATED_OBJC_IMPLEMENTATIONS = YES;
				CLANG_WARN_DIRECT_OBJC_ISA_USAGE = YES_ERROR;
				CLANG_WARN_DOCUMENTATION_COMMENTS = YES;
				CLANG_WARN_EMPTY_BODY = YES;
				CLANG_WARN_ENUM_CONVERSION = YES;
				CLANG_WARN_INFINITE_RECURSION = YES;
				CLANG_WARN_INT_CONVERSION = YES;
				CLANG_WARN_NON_LITERAL_NULL_CONVERSION = YES;
				CLANG_WARN_OBJC_IMPLICIT_RETAIN_SELF = YES;
				CLANG_WARN_OBJC_LITERAL_CONVERSION = YES;
				CLANG_WARN_OBJC_ROOT_CLASS = YES_ERROR;
				CLANG_WARN_QUOTED_INCLUDE_IN_FRAMEWORK_HEADER = YES;
				CLANG_WARN_RANGE_LOOP_ANALYSIS = YES;
				CLANG_WARN_STRICT_PROTOTYPES = YES;
				CLANG_WARN_SUSPICIOUS_MOVE = YES;
				CLANG_WARN_UNGUARDED_AVAILABILITY = YES_AGGRESSIVE;
				CLANG_WARN_UNREACHABLE_CODE = YES;
				CLANG_WARN__DUPLICATE_METHOD_MATCH = YES;
				COPY_PHASE_STRIP = NO;
				DEBUG_INFORMATION_FORMAT = "dwarf-with-dsym";
				ENABLE_NS_ASSERTIONS = NO;
				ENABLE_STRICT_OBJC_MSGSEND = YES;
				GCC_C_LANGUAGE_STANDARD = gnu11;
				GCC_NO_COMMON_BLOCKS = YES;
				GCC_WARN_64_TO_32_BIT_CONVERSION = YES;
				GCC_WARN_ABOUT_RETURN_TYPE = YES_ERROR;
				GCC_WARN_UNDECLARED_SELECTOR = YES;
				GCC_WARN_UNINITIALIZED_AUTOS = YES_AGGRESSIVE;
				GCC_WARN_UNUSED_FUNCTION = YES;
				GCC_WARN_UNUSED_VARIABLE = YES;
				IPHONEOS_DEPLOYMENT_TARGET = 14.3;
				MTL_ENABLE_DEBUG_INFO = NO;
				MTL_FAST_MATH = YES;
				SDKROOT = iphoneos;
				SWIFT_COMPILATION_MODE = wholemodule;
				SWIFT_OPTIMIZATION_LEVEL = "-O";
				VALIDATE_PRODUCT = YES;
			};
			name = Release;
		};
		1D51CA1C25B0DAD000FACA9F /* Debug */ = {
			isa = XCBuildConfiguration;
			buildSettings = {
				ASSETCATALOG_COMPILER_APPICON_NAME = AppIcon;
				ASSETCATALOG_COMPILER_GLOBAL_ACCENT_COLOR_NAME = AccentColor;
				CODE_SIGN_STYLE = Automatic;
				DEVELOPMENT_TEAM = 949Z9P63ML;
				INFOPLIST_FILE = "XE-02-LifeCycle/Info.plist";
				LD_RUNPATH_SEARCH_PATHS = (
					"$(inherited)",
					"@executable_path/Frameworks",
				);
				PRODUCT_BUNDLE_IDENTIFIER = "com.ignasiperez.XE-02-LifeCycle";
				PRODUCT_NAME = "$(TARGET_NAME)";
				SWIFT_VERSION = 5.0;
				TARGETED_DEVICE_FAMILY = "1,2";
			};
			name = Debug;
		};
		1D51CA1D25B0DAD000FACA9F /* Release */ = {
			isa = XCBuildConfiguration;
			buildSettings = {
				ASSETCATALOG_COMPILER_APPICON_NAME = AppIcon;
				ASSETCATALOG_COMPILER_GLOBAL_ACCENT_COLOR_NAME = AccentColor;
				CODE_SIGN_STYLE = Automatic;
				DEVELOPMENT_TEAM = 949Z9P63ML;
				INFOPLIST_FILE = "XE-02-LifeCycle/Info.plist";
				LD_RUNPATH_SEARCH_PATHS = (
					"$(inherited)",
					"@executable_path/Frameworks",
				);
				PRODUCT_BUNDLE_IDENTIFIER = "com.ignasiperez.XE-02-LifeCycle";
				PRODUCT_NAME = "$(TARGET_NAME)";
				SWIFT_VERSION = 5.0;
				TARGETED_DEVICE_FAMILY = "1,2";
			};
			name = Release;
		};
		1D51CA1F25B0DAD000FACA9F /* Debug */ = {
			isa = XCBuildConfiguration;
			buildSettings = {
				ALWAYS_EMBED_SWIFT_STANDARD_LIBRARIES = YES;
				BUNDLE_LOADER = "$(TEST_HOST)";
				CODE_SIGN_STYLE = Automatic;
				DEVELOPMENT_TEAM = 949Z9P63ML;
				INFOPLIST_FILE = "XE-02-LifeCycleTests/Info.plist";
				IPHONEOS_DEPLOYMENT_TARGET = 14.3;
				LD_RUNPATH_SEARCH_PATHS = (
					"$(inherited)",
					"@executable_path/Frameworks",
					"@loader_path/Frameworks",
				);
				PRODUCT_BUNDLE_IDENTIFIER = "com.ignasiperez.XE-02-LifeCycleTests";
				PRODUCT_NAME = "$(TARGET_NAME)";
				SWIFT_VERSION = 5.0;
				TARGETED_DEVICE_FAMILY = "1,2";
				TEST_HOST = "$(BUILT_PRODUCTS_DIR)/XE-02-LifeCycle.app/XE-02-LifeCycle";
			};
			name = Debug;
		};
		1D51CA2025B0DAD000FACA9F /* Release */ = {
			isa = XCBuildConfiguration;
			buildSettings = {
				ALWAYS_EMBED_SWIFT_STANDARD_LIBRARIES = YES;
				BUNDLE_LOADER = "$(TEST_HOST)";
				CODE_SIGN_STYLE = Automatic;
				DEVELOPMENT_TEAM = 949Z9P63ML;
				INFOPLIST_FILE = "XE-02-LifeCycleTests/Info.plist";
				IPHONEOS_DEPLOYMENT_TARGET = 14.3;
				LD_RUNPATH_SEARCH_PATHS = (
					"$(inherited)",
					"@executable_path/Frameworks",
					"@loader_path/Frameworks",
				);
				PRODUCT_BUNDLE_IDENTIFIER = "com.ignasiperez.XE-02-LifeCycleTests";
				PRODUCT_NAME = "$(TARGET_NAME)";
				SWIFT_VERSION = 5.0;
				TARGETED_DEVICE_FAMILY = "1,2";
				TEST_HOST = "$(BUILT_PRODUCTS_DIR)/XE-02-LifeCycle.app/XE-02-LifeCycle";
			};
			name = Release;
		};
		1D51CA2225B0DAD000FACA9F /* Debug */ = {
			isa = XCBuildConfiguration;
			buildSettings = {
				ALWAYS_EMBED_SWIFT_STANDARD_LIBRARIES = YES;
				CODE_SIGN_STYLE = Automatic;
				DEVELOPMENT_TEAM = 949Z9P63ML;
				INFOPLIST_FILE = "XE-02-LifeCycleUITests/Info.plist";
				LD_RUNPATH_SEARCH_PATHS = (
					"$(inherited)",
					"@executable_path/Frameworks",
					"@loader_path/Frameworks",
				);
				PRODUCT_BUNDLE_IDENTIFIER = "com.ignasiperez.XE-02-LifeCycleUITests";
				PRODUCT_NAME = "$(TARGET_NAME)";
				SWIFT_VERSION = 5.0;
				TARGETED_DEVICE_FAMILY = "1,2";
				TEST_TARGET_NAME = "XE-02-LifeCycle";
			};
			name = Debug;
		};
		1D51CA2325B0DAD000FACA9F /* Release */ = {
			isa = XCBuildConfiguration;
			buildSettings = {
				ALWAYS_EMBED_SWIFT_STANDARD_LIBRARIES = YES;
				CODE_SIGN_STYLE = Automatic;
				DEVELOPMENT_TEAM = 949Z9P63ML;
				INFOPLIST_FILE = "XE-02-LifeCycleUITests/Info.plist";
				LD_RUNPATH_SEARCH_PATHS = (
					"$(inherited)",
					"@executable_path/Frameworks",
					"@loader_path/Frameworks",
				);
				PRODUCT_BUNDLE_IDENTIFIER = "com.ignasiperez.XE-02-LifeCycleUITests";
				PRODUCT_NAME = "$(TARGET_NAME)";
				SWIFT_VERSION = 5.0;
				TARGETED_DEVICE_FAMILY = "1,2";
				TEST_TARGET_NAME = "XE-02-LifeCycle";
			};
			name = Release;
		};
/* End XCBuildConfiguration section */

/* Begin XCConfigurationList section */
		1D51C9EC25B0DACC00FACA9F /* Build configuration list for PBXProject "XE-02-LifeCycle" */ = {
			isa = XCConfigurationList;
			buildConfigurations = (
				1D51CA1925B0DAD000FACA9F /* Debug */,
				1D51CA1A25B0DAD000FACA9F /* Release */,
			);
			defaultConfigurationIsVisible = 0;
			defaultConfigurationName = Release;
		};
		1D51CA1B25B0DAD000FACA9F /* Build configuration list for PBXNativeTarget "XE-02-LifeCycle" */ = {
			isa = XCConfigurationList;
			buildConfigurations = (
				1D51CA1C25B0DAD000FACA9F /* Debug */,
				1D51CA1D25B0DAD000FACA9F /* Release */,
			);
			defaultConfigurationIsVisible = 0;
			defaultConfigurationName = Release;
		};
		1D51CA1E25B0DAD000FACA9F /* Build configuration list for PBXNativeTarget "XE-02-LifeCycleTests" */ = {
			isa = XCConfigurationList;
			buildConfigurations = (
				1D51CA1F25B0DAD000FACA9F /* Debug */,
				1D51CA2025B0DAD000FACA9F /* Release */,
			);
			defaultConfigurationIsVisible = 0;
			defaultConfigurationName = Release;
		};
		1D51CA2125B0DAD000FACA9F /* Build configuration list for PBXNativeTarget "XE-02-LifeCycleUITests" */ = {
			isa = XCConfigurationList;
			buildConfigurations = (
				1D51CA2225B0DAD000FACA9F /* Debug */,
				1D51CA2325B0DAD000FACA9F /* Release */,
			);
			defaultConfigurationIsVisible = 0;
			defaultConfigurationName = Release;
		};
/* End XCConfigurationList section */
	};
	rootObject = 1D51C9E925B0DACC00FACA9F /* Project object */;
}
