// !$*UTF8*$!
{
	archiveVersion = 1;
	classes = {
	};
	objectVersion = 50;
	objects = {

/* Begin PBXBuildFile section */
		1D7DC05B25B9F5CD0056F7F2 /* AppDelegate.swift in Sources */ = {isa = PBXBuildFile; fileRef = 1D7DC05A25B9F5CD0056F7F2 /* AppDelegate.swift */; };
		1D7DC05D25B9F5CD0056F7F2 /* SceneDelegate.swift in Sources */ = {isa = PBXBuildFile; fileRef = 1D7DC05C25B9F5CD0056F7F2 /* SceneDelegate.swift */; };
		1D7DC05F25B9F5CD0056F7F2 /* ViewController.swift in Sources */ = {isa = PBXBuildFile; fileRef = 1D7DC05E25B9F5CD0056F7F2 /* ViewController.swift */; };
		1D7DC06225B9F5CD0056F7F2 /* Main.storyboard in Resources */ = {isa = PBXBuildFile; fileRef = 1D7DC06025B9F5CD0056F7F2 /* Main.storyboard */; };
		1D7DC06425B9F5D10056F7F2 /* Assets.xcassets in Resources */ = {isa = PBXBuildFile; fileRef = 1D7DC06325B9F5D10056F7F2 /* Assets.xcassets */; };
		1D7DC06725B9F5D10056F7F2 /* LaunchScreen.storyboard in Resources */ = {isa = PBXBuildFile; fileRef = 1D7DC06525B9F5D10056F7F2 /* LaunchScreen.storyboard */; };
		1D7DC07225B9F5D10056F7F2 /* AppLaunchTests.swift in Sources */ = {isa = PBXBuildFile; fileRef = 1D7DC07125B9F5D10056F7F2 /* AppLaunchTests.swift */; };
		1D7DC07D25B9F5D10056F7F2 /* AppLaunchUITests.swift in Sources */ = {isa = PBXBuildFile; fileRef = 1D7DC07C25B9F5D10056F7F2 /* AppLaunchUITests.swift */; };
/* End PBXBuildFile section */

/* Begin PBXContainerItemProxy section */
		1D7DC06E25B9F5D10056F7F2 /* PBXContainerItemProxy */ = {
			isa = PBXContainerItemProxy;
			containerPortal = 1D7DC04F25B9F5CD0056F7F2 /* Project object */;
			proxyType = 1;
			remoteGlobalIDString = 1D7DC05625B9F5CD0056F7F2;
			remoteInfo = AppLaunch;
		};
		1D7DC07925B9F5D10056F7F2 /* PBXContainerItemProxy */ = {
			isa = PBXContainerItemProxy;
			containerPortal = 1D7DC04F25B9F5CD0056F7F2 /* Project object */;
			proxyType = 1;
			remoteGlobalIDString = 1D7DC05625B9F5CD0056F7F2;
			remoteInfo = AppLaunch;
		};
/* End PBXContainerItemProxy section */

/* Begin PBXFileReference section */
		1D7DC05725B9F5CD0056F7F2 /* AppLaunch.app */ = {isa = PBXFileReference; explicitFileType = wrapper.application; includeInIndex = 0; path = AppLaunch.app; sourceTree = BUILT_PRODUCTS_DIR; };
		1D7DC05A25B9F5CD0056F7F2 /* AppDelegate.swift */ = {isa = PBXFileReference; lastKnownFileType = sourcecode.swift; path = AppDelegate.swift; sourceTree = "<group>"; };
		1D7DC05C25B9F5CD0056F7F2 /* SceneDelegate.swift */ = {isa = PBXFileReference; lastKnownFileType = sourcecode.swift; path = SceneDelegate.swift; sourceTree = "<group>"; };
		1D7DC05E25B9F5CD0056F7F2 /* ViewController.swift */ = {isa = PBXFileReference; lastKnownFileType = sourcecode.swift; path = ViewController.swift; sourceTree = "<group>"; };
		1D7DC06125B9F5CD0056F7F2 /* Base */ = {isa = PBXFileReference; lastKnownFileType = file.storyboard; name = Base; path = Base.lproj/Main.storyboard; sourceTree = "<group>"; };
		1D7DC06325B9F5D10056F7F2 /* Assets.xcassets */ = {isa = PBXFileReference; lastKnownFileType = folder.assetcatalog; path = Assets.xcassets; sourceTree = "<group>"; };
		1D7DC06625B9F5D10056F7F2 /* Base */ = {isa = PBXFileReference; lastKnownFileType = file.storyboard; name = Base; path = Base.lproj/LaunchScreen.storyboard; sourceTree = "<group>"; };
		1D7DC06825B9F5D10056F7F2 /* Info.plist */ = {isa = PBXFileReference; lastKnownFileType = text.plist.xml; path = Info.plist; sourceTree = "<group>"; };
		1D7DC06D25B9F5D10056F7F2 /* AppLaunchTests.xctest */ = {isa = PBXFileReference; explicitFileType = wrapper.cfbundle; includeInIndex = 0; path = AppLaunchTests.xctest; sourceTree = BUILT_PRODUCTS_DIR; };
		1D7DC07125B9F5D10056F7F2 /* AppLaunchTests.swift */ = {isa = PBXFileReference; lastKnownFileType = sourcecode.swift; path = AppLaunchTests.swift; sourceTree = "<group>"; };
		1D7DC07325B9F5D10056F7F2 /* Info.plist */ = {isa = PBXFileReference; lastKnownFileType = text.plist.xml; path = Info.plist; sourceTree = "<group>"; };
		1D7DC07825B9F5D10056F7F2 /* AppLaunchUITests.xctest */ = {isa = PBXFileReference; explicitFileType = wrapper.cfbundle; includeInIndex = 0; path = AppLaunchUITests.xctest; sourceTree = BUILT_PRODUCTS_DIR; };
		1D7DC07C25B9F5D10056F7F2 /* AppLaunchUITests.swift */ = {isa = PBXFileReference; lastKnownFileType = sourcecode.swift; path = AppLaunchUITests.swift; sourceTree = "<group>"; };
		1D7DC07E25B9F5D10056F7F2 /* Info.plist */ = {isa = PBXFileReference; lastKnownFileType = text.plist.xml; path = Info.plist; sourceTree = "<group>"; };
/* End PBXFileReference section */

/* Begin PBXFrameworksBuildPhase section */
		1D7DC05425B9F5CD0056F7F2 /* Frameworks */ = {
			isa = PBXFrameworksBuildPhase;
			buildActionMask = 2147483647;
			files = (
			);
			runOnlyForDeploymentPostprocessing = 0;
		};
		1D7DC06A25B9F5D10056F7F2 /* Frameworks */ = {
			isa = PBXFrameworksBuildPhase;
			buildActionMask = 2147483647;
			files = (
			);
			runOnlyForDeploymentPostprocessing = 0;
		};
		1D7DC07525B9F5D10056F7F2 /* Frameworks */ = {
			isa = PBXFrameworksBuildPhase;
			buildActionMask = 2147483647;
			files = (
			);
			runOnlyForDeploymentPostprocessing = 0;
		};
/* End PBXFrameworksBuildPhase section */

/* Begin PBXGroup section */
		1D7DC04E25B9F5CD0056F7F2 = {
			isa = PBXGroup;
			children = (
				1D7DC05925B9F5CD0056F7F2 /* AppLaunch */,
				1D7DC07025B9F5D10056F7F2 /* AppLaunchTests */,
				1D7DC07B25B9F5D10056F7F2 /* AppLaunchUITests */,
				1D7DC05825B9F5CD0056F7F2 /* Products */,
			);
			sourceTree = "<group>";
		};
		1D7DC05825B9F5CD0056F7F2 /* Products */ = {
			isa = PBXGroup;
			children = (
				1D7DC05725B9F5CD0056F7F2 /* AppLaunch.app */,
				1D7DC06D25B9F5D10056F7F2 /* AppLaunchTests.xctest */,
				1D7DC07825B9F5D10056F7F2 /* AppLaunchUITests.xctest */,
			);
			name = Products;
			sourceTree = "<group>";
		};
		1D7DC05925B9F5CD0056F7F2 /* AppLaunch */ = {
			isa = PBXGroup;
			children = (
				1D7DC05A25B9F5CD0056F7F2 /* AppDelegate.swift */,
				1D7DC05C25B9F5CD0056F7F2 /* SceneDelegate.swift */,
				1D7DC05E25B9F5CD0056F7F2 /* ViewController.swift */,
				1D7DC06025B9F5CD0056F7F2 /* Main.storyboard */,
				1D7DC06325B9F5D10056F7F2 /* Assets.xcassets */,
				1D7DC06525B9F5D10056F7F2 /* LaunchScreen.storyboard */,
				1D7DC06825B9F5D10056F7F2 /* Info.plist */,
			);
			path = AppLaunch;
			sourceTree = "<group>";
		};
		1D7DC07025B9F5D10056F7F2 /* AppLaunchTests */ = {
			isa = PBXGroup;
			children = (
				1D7DC07125B9F5D10056F7F2 /* AppLaunchTests.swift */,
				1D7DC07325B9F5D10056F7F2 /* Info.plist */,
			);
			path = AppLaunchTests;
			sourceTree = "<group>";
		};
		1D7DC07B25B9F5D10056F7F2 /* AppLaunchUITests */ = {
			isa = PBXGroup;
			children = (
				1D7DC07C25B9F5D10056F7F2 /* AppLaunchUITests.swift */,
				1D7DC07E25B9F5D10056F7F2 /* Info.plist */,
			);
			path = AppLaunchUITests;
			sourceTree = "<group>";
		};
/* End PBXGroup section */

/* Begin PBXNativeTarget section */
		1D7DC05625B9F5CD0056F7F2 /* AppLaunch */ = {
			isa = PBXNativeTarget;
			buildConfigurationList = 1D7DC08125B9F5D10056F7F2 /* Build configuration list for PBXNativeTarget "AppLaunch" */;
			buildPhases = (
				1D7DC05325B9F5CD0056F7F2 /* Sources */,
				1D7DC05425B9F5CD0056F7F2 /* Frameworks */,
				1D7DC05525B9F5CD0056F7F2 /* Resources */,
			);
			buildRules = (
			);
			dependencies = (
			);
			name = AppLaunch;
			productName = AppLaunch;
			productReference = 1D7DC05725B9F5CD0056F7F2 /* AppLaunch.app */;
			productType = "com.apple.product-type.application";
		};
		1D7DC06C25B9F5D10056F7F2 /* AppLaunchTests */ = {
			isa = PBXNativeTarget;
			buildConfigurationList = 1D7DC08425B9F5D10056F7F2 /* Build configuration list for PBXNativeTarget "AppLaunchTests" */;
			buildPhases = (
				1D7DC06925B9F5D10056F7F2 /* Sources */,
				1D7DC06A25B9F5D10056F7F2 /* Frameworks */,
				1D7DC06B25B9F5D10056F7F2 /* Resources */,
			);
			buildRules = (
			);
			dependencies = (
				1D7DC06F25B9F5D10056F7F2 /* PBXTargetDependency */,
			);
			name = AppLaunchTests;
			productName = AppLaunchTests;
			productReference = 1D7DC06D25B9F5D10056F7F2 /* AppLaunchTests.xctest */;
			productType = "com.apple.product-type.bundle.unit-test";
		};
		1D7DC07725B9F5D10056F7F2 /* AppLaunchUITests */ = {
			isa = PBXNativeTarget;
			buildConfigurationList = 1D7DC08725B9F5D10056F7F2 /* Build configuration list for PBXNativeTarget "AppLaunchUITests" */;
			buildPhases = (
				1D7DC07425B9F5D10056F7F2 /* Sources */,
				1D7DC07525B9F5D10056F7F2 /* Frameworks */,
				1D7DC07625B9F5D10056F7F2 /* Resources */,
			);
			buildRules = (
			);
			dependencies = (
				1D7DC07A25B9F5D10056F7F2 /* PBXTargetDependency */,
			);
			name = AppLaunchUITests;
			productName = AppLaunchUITests;
			productReference = 1D7DC07825B9F5D10056F7F2 /* AppLaunchUITests.xctest */;
			productType = "com.apple.product-type.bundle.ui-testing";
		};
/* End PBXNativeTarget section */

/* Begin PBXProject section */
		1D7DC04F25B9F5CD0056F7F2 /* Project object */ = {
			isa = PBXProject;
			attributes = {
				LastSwiftUpdateCheck = 1230;
				LastUpgradeCheck = 1230;
				TargetAttributes = {
					1D7DC05625B9F5CD0056F7F2 = {
						CreatedOnToolsVersion = 12.3;
					};
					1D7DC06C25B9F5D10056F7F2 = {
						CreatedOnToolsVersion = 12.3;
						TestTargetID = 1D7DC05625B9F5CD0056F7F2;
					};
					1D7DC07725B9F5D10056F7F2 = {
						CreatedOnToolsVersion = 12.3;
						TestTargetID = 1D7DC05625B9F5CD0056F7F2;
					};
				};
			};
			buildConfigurationList = 1D7DC05225B9F5CD0056F7F2 /* Build configuration list for PBXProject "AppLaunch" */;
			compatibilityVersion = "Xcode 9.3";
			developmentRegion = en;
			hasScannedForEncodings = 0;
			knownRegions = (
				en,
				Base,
			);
			mainGroup = 1D7DC04E25B9F5CD0056F7F2;
			productRefGroup = 1D7DC05825B9F5CD0056F7F2 /* Products */;
			projectDirPath = "";
			projectRoot = "";
			targets = (
				1D7DC05625B9F5CD0056F7F2 /* AppLaunch */,
				1D7DC06C25B9F5D10056F7F2 /* AppLaunchTests */,
				1D7DC07725B9F5D10056F7F2 /* AppLaunchUITests */,
			);
		};
/* End PBXProject section */

/* Begin PBXResourcesBuildPhase section */
		1D7DC05525B9F5CD0056F7F2 /* Resources */ = {
			isa = PBXResourcesBuildPhase;
			buildActionMask = 2147483647;
			files = (
				1D7DC06725B9F5D10056F7F2 /* LaunchScreen.storyboard in Resources */,
				1D7DC06425B9F5D10056F7F2 /* Assets.xcassets in Resources */,
				1D7DC06225B9F5CD0056F7F2 /* Main.storyboard in Resources */,
			);
			runOnlyForDeploymentPostprocessing = 0;
		};
		1D7DC06B25B9F5D10056F7F2 /* Resources */ = {
			isa = PBXResourcesBuildPhase;
			buildActionMask = 2147483647;
			files = (
			);
			runOnlyForDeploymentPostprocessing = 0;
		};
		1D7DC07625B9F5D10056F7F2 /* Resources */ = {
			isa = PBXResourcesBuildPhase;
			buildActionMask = 2147483647;
			files = (
			);
			runOnlyForDeploymentPostprocessing = 0;
		};
/* End PBXResourcesBuildPhase section */

/* Begin PBXSourcesBuildPhase section */
		1D7DC05325B9F5CD0056F7F2 /* Sources */ = {
			isa = PBXSourcesBuildPhase;
			buildActionMask = 2147483647;
			files = (
				1D7DC05F25B9F5CD0056F7F2 /* ViewController.swift in Sources */,
				1D7DC05B25B9F5CD0056F7F2 /* AppDelegate.swift in Sources */,
				1D7DC05D25B9F5CD0056F7F2 /* SceneDelegate.swift in Sources */,
			);
			runOnlyForDeploymentPostprocessing = 0;
		};
		1D7DC06925B9F5D10056F7F2 /* Sources */ = {
			isa = PBXSourcesBuildPhase;
			buildActionMask = 2147483647;
			files = (
				1D7DC07225B9F5D10056F7F2 /* AppLaunchTests.swift in Sources */,
			);
			runOnlyForDeploymentPostprocessing = 0;
		};
		1D7DC07425B9F5D10056F7F2 /* Sources */ = {
			isa = PBXSourcesBuildPhase;
			buildActionMask = 2147483647;
			files = (
				1D7DC07D25B9F5D10056F7F2 /* AppLaunchUITests.swift in Sources */,
			);
			runOnlyForDeploymentPostprocessing = 0;
		};
/* End PBXSourcesBuildPhase section */

/* Begin PBXTargetDependency section */
		1D7DC06F25B9F5D10056F7F2 /* PBXTargetDependency */ = {
			isa = PBXTargetDependency;
			target = 1D7DC05625B9F5CD0056F7F2 /* AppLaunch */;
			targetProxy = 1D7DC06E25B9F5D10056F7F2 /* PBXContainerItemProxy */;
		};
		1D7DC07A25B9F5D10056F7F2 /* PBXTargetDependency */ = {
			isa = PBXTargetDependency;
			target = 1D7DC05625B9F5CD0056F7F2 /* AppLaunch */;
			targetProxy = 1D7DC07925B9F5D10056F7F2 /* PBXContainerItemProxy */;
		};
/* End PBXTargetDependency section */

/* Begin PBXVariantGroup section */
		1D7DC06025B9F5CD0056F7F2 /* Main.storyboard */ = {
			isa = PBXVariantGroup;
			children = (
				1D7DC06125B9F5CD0056F7F2 /* Base */,
			);
			name = Main.storyboard;
			sourceTree = "<group>";
		};
		1D7DC06525B9F5D10056F7F2 /* LaunchScreen.storyboard */ = {
			isa = PBXVariantGroup;
			children = (
				1D7DC06625B9F5D10056F7F2 /* Base */,
			);
			name = LaunchScreen.storyboard;
			sourceTree = "<group>";
		};
/* End PBXVariantGroup section */

/* Begin XCBuildConfiguration section */
		1D7DC07F25B9F5D10056F7F2 /* Debug */ = {
			isa = XCBuildConfiguration;
			buildSettings = {
				ALWAYS_SEARCH_USER_PATHS = NO;
				CLANG_ANALYZER_NONNULL = YES;
				CLANG_ANALYZER_NUMBER_OBJECT_CONVERSION = YES_AGGRESSIVE;
				CLANG_CXX_LANGUAGE_STANDARD = "gnu++14";
				CLANG_CXX_LIBRARY = "libc++";
				CLANG_ENABLE_MODULES = YES;
				CLANG_ENABLE_OBJC_ARC = YES;
				CLANG_ENABLE_OBJC_WEAK = YES;
				CLANG_WARN_BLOCK_CAPTURE_AUTORELEASING = YES;
				CLANG_WARN_BOOL_CONVERSION = YES;
				CLANG_WARN_COMMA = YES;
				CLANG_WARN_CONSTANT_CONVERSION = YES;
				CLANG_WARN_DEPRECATED_OBJC_IMPLEMENTATIONS = YES;
				CLANG_WARN_DIRECT_OBJC_ISA_USAGE = YES_ERROR;
				CLANG_WARN_DOCUMENTATION_COMMENTS = YES;
				CLANG_WARN_EMPTY_BODY = YES;
				CLANG_WARN_ENUM_CONVERSION = YES;
				CLANG_WARN_INFINITE_RECURSION = YES;
				CLANG_WARN_INT_CONVERSION = YES;
				CLANG_WARN_NON_LITERAL_NULL_CONVERSION = YES;
				CLANG_WARN_OBJC_IMPLICIT_RETAIN_SELF = YES;
				CLANG_WARN_OBJC_LITERAL_CONVERSION = YES;
				CLANG_WARN_OBJC_ROOT_CLASS = YES_ERROR;
				CLANG_WARN_QUOTED_INCLUDE_IN_FRAMEWORK_HEADER = YES;
				CLANG_WARN_RANGE_LOOP_ANALYSIS = YES;
				CLANG_WARN_STRICT_PROTOTYPES = YES;
				CLANG_WARN_SUSPICIOUS_MOVE = YES;
				CLANG_WARN_UNGUARDED_AVAILABILITY = YES_AGGRESSIVE;
				CLANG_WARN_UNREACHABLE_CODE = YES;
				CLANG_WARN__DUPLICATE_METHOD_MATCH = YES;
				COPY_PHASE_STRIP = NO;
				DEBUG_INFORMATION_FORMAT = dwarf;
				ENABLE_STRICT_OBJC_MSGSEND = YES;
				ENABLE_TESTABILITY = YES;
				GCC_C_LANGUAGE_STANDARD = gnu11;
				GCC_DYNAMIC_NO_PIC = NO;
				GCC_NO_COMMON_BLOCKS = YES;
				GCC_OPTIMIZATION_LEVEL = 0;
				GCC_PREPROCESSOR_DEFINITIONS = (
					"DEBUG=1",
					"$(inherited)",
				);
				GCC_WARN_64_TO_32_BIT_CONVERSION = YES;
				GCC_WARN_ABOUT_RETURN_TYPE = YES_ERROR;
				GCC_WARN_UNDECLARED_SELECTOR = YES;
				GCC_WARN_UNINITIALIZED_AUTOS = YES_AGGRESSIVE;
				GCC_WARN_UNUSED_FUNCTION = YES;
				GCC_WARN_UNUSED_VARIABLE = YES;
				IPHONEOS_DEPLOYMENT_TARGET = 14.3;
				MTL_ENABLE_DEBUG_INFO = INCLUDE_SOURCE;
				MTL_FAST_MATH = YES;
				ONLY_ACTIVE_ARCH = YES;
				SDKROOT = iphoneos;
				SWIFT_ACTIVE_COMPILATION_CONDITIONS = DEBUG;
				SWIFT_OPTIMIZATION_LEVEL = "-Onone";
			};
			name = Debug;
		};
		1D7DC08025B9F5D10056F7F2 /* Release */ = {
			isa = XCBuildConfiguration;
			buildSettings = {
				ALWAYS_SEARCH_USER_PATHS = NO;
				CLANG_ANALYZER_NONNULL = YES;
				CLANG_ANALYZER_NUMBER_OBJECT_CONVERSION = YES_AGGRESSIVE;
				CLANG_CXX_LANGUAGE_STANDARD = "gnu++14";
				CLANG_CXX_LIBRARY = "libc++";
				CLANG_ENABLE_MODULES = YES;
				CLANG_ENABLE_OBJC_ARC = YES;
				CLANG_ENABLE_OBJC_WEAK = YES;
				CLANG_WARN_BLOCK_CAPTURE_AUTORELEASING = YES;
				CLANG_WARN_BOOL_CONVERSION = YES;
				CLANG_WARN_COMMA = YES;
				CLANG_WARN_CONSTANT_CONVERSION = YES;
				CLANG_WARN_DEPRECATED_OBJC_IMPLEMENTATIONS = YES;
				CLANG_WARN_DIRECT_OBJC_ISA_USAGE = YES_ERROR;
				CLANG_WARN_DOCUMENTATION_COMMENTS = YES;
				CLANG_WARN_EMPTY_BODY = YES;
				CLANG_WARN_ENUM_CONVERSION = YES;
				CLANG_WARN_INFINITE_RECURSION = YES;
				CLANG_WARN_INT_CONVERSION = YES;
				CLANG_WARN_NON_LITERAL_NULL_CONVERSION = YES;
				CLANG_WARN_OBJC_IMPLICIT_RETAIN_SELF = YES;
				CLANG_WARN_OBJC_LITERAL_CONVERSION = YES;
				CLANG_WARN_OBJC_ROOT_CLASS = YES_ERROR;
				CLANG_WARN_QUOTED_INCLUDE_IN_FRAMEWORK_HEADER = YES;
				CLANG_WARN_RANGE_LOOP_ANALYSIS = YES;
				CLANG_WARN_STRICT_PROTOTYPES = YES;
				CLANG_WARN_SUSPICIOUS_MOVE = YES;
				CLANG_WARN_UNGUARDED_AVAILABILITY = YES_AGGRESSIVE;
				CLANG_WARN_UNREACHABLE_CODE = YES;
				CLANG_WARN__DUPLICATE_METHOD_MATCH = YES;
				COPY_PHASE_STRIP = NO;
				DEBUG_INFORMATION_FORMAT = "dwarf-with-dsym";
				ENABLE_NS_ASSERTIONS = NO;
				ENABLE_STRICT_OBJC_MSGSEND = YES;
				GCC_C_LANGUAGE_STANDARD = gnu11;
				GCC_NO_COMMON_BLOCKS = YES;
				GCC_WARN_64_TO_32_BIT_CONVERSION = YES;
				GCC_WARN_ABOUT_RETURN_TYPE = YES_ERROR;
				GCC_WARN_UNDECLARED_SELECTOR = YES;
				GCC_WARN_UNINITIALIZED_AUTOS = YES_AGGRESSIVE;
				GCC_WARN_UNUSED_FUNCTION = YES;
				GCC_WARN_UNUSED_VARIABLE = YES;
				IPHONEOS_DEPLOYMENT_TARGET = 14.3;
				MTL_ENABLE_DEBUG_INFO = NO;
				MTL_FAST_MATH = YES;
				SDKROOT = iphoneos;
				SWIFT_COMPILATION_MODE = wholemodule;
				SWIFT_OPTIMIZATION_LEVEL = "-O";
				VALIDATE_PRODUCT = YES;
			};
			name = Release;
		};
		1D7DC08225B9F5D10056F7F2 /* Debug */ = {
			isa = XCBuildConfiguration;
			buildSettings = {
				ASSETCATALOG_COMPILER_APPICON_NAME = AppIcon;
				ASSETCATALOG_COMPILER_GLOBAL_ACCENT_COLOR_NAME = AccentColor;
				CODE_SIGN_STYLE = Automatic;
				DEVELOPMENT_TEAM = 949Z9P63ML;
				INFOPLIST_FILE = AppLaunch/Info.plist;
				LD_RUNPATH_SEARCH_PATHS = (
					"$(inherited)",
					"@executable_path/Frameworks",
				);
				PRODUCT_BUNDLE_IDENTIFIER = com.ignasiperez.AppLaunch;
				PRODUCT_NAME = "$(TARGET_NAME)";
				SWIFT_VERSION = 5.0;
				TARGETED_DEVICE_FAMILY = "1,2";
			};
			name = Debug;
		};
		1D7DC08325B9F5D10056F7F2 /* Release */ = {
			isa = XCBuildConfiguration;
			buildSettings = {
				ASSETCATALOG_COMPILER_APPICON_NAME = AppIcon;
				ASSETCATALOG_COMPILER_GLOBAL_ACCENT_COLOR_NAME = AccentColor;
				CODE_SIGN_STYLE = Automatic;
				DEVELOPMENT_TEAM = 949Z9P63ML;
				INFOPLIST_FILE = AppLaunch/Info.plist;
				LD_RUNPATH_SEARCH_PATHS = (
					"$(inherited)",
					"@executable_path/Frameworks",
				);
				PRODUCT_BUNDLE_IDENTIFIER = com.ignasiperez.AppLaunch;
				PRODUCT_NAME = "$(TARGET_NAME)";
				SWIFT_VERSION = 5.0;
				TARGETED_DEVICE_FAMILY = "1,2";
			};
			name = Release;
		};
		1D7DC08525B9F5D10056F7F2 /* Debug */ = {
			isa = XCBuildConfiguration;
			buildSettings = {
				ALWAYS_EMBED_SWIFT_STANDARD_LIBRARIES = YES;
				BUNDLE_LOADER = "$(TEST_HOST)";
				CODE_SIGN_STYLE = Automatic;
				DEVELOPMENT_TEAM = 949Z9P63ML;
				INFOPLIST_FILE = AppLaunchTests/Info.plist;
				IPHONEOS_DEPLOYMENT_TARGET = 14.3;
				LD_RUNPATH_SEARCH_PATHS = (
					"$(inherited)",
					"@executable_path/Frameworks",
					"@loader_path/Frameworks",
				);
				PRODUCT_BUNDLE_IDENTIFIER = com.ignasiperez.AppLaunchTests;
				PRODUCT_NAME = "$(TARGET_NAME)";
				SWIFT_VERSION = 5.0;
				TARGETED_DEVICE_FAMILY = "1,2";
				TEST_HOST = "$(BUILT_PRODUCTS_DIR)/AppLaunch.app/AppLaunch";
			};
			name = Debug;
		};
		1D7DC08625B9F5D10056F7F2 /* Release */ = {
			isa = XCBuildConfiguration;
			buildSettings = {
				ALWAYS_EMBED_SWIFT_STANDARD_LIBRARIES = YES;
				BUNDLE_LOADER = "$(TEST_HOST)";
				CODE_SIGN_STYLE = Automatic;
				DEVELOPMENT_TEAM = 949Z9P63ML;
				INFOPLIST_FILE = AppLaunchTests/Info.plist;
				IPHONEOS_DEPLOYMENT_TARGET = 14.3;
				LD_RUNPATH_SEARCH_PATHS = (
					"$(inherited)",
					"@executable_path/Frameworks",
					"@loader_path/Frameworks",
				);
				PRODUCT_BUNDLE_IDENTIFIER = com.ignasiperez.AppLaunchTests;
				PRODUCT_NAME = "$(TARGET_NAME)";
				SWIFT_VERSION = 5.0;
				TARGETED_DEVICE_FAMILY = "1,2";
				TEST_HOST = "$(BUILT_PRODUCTS_DIR)/AppLaunch.app/AppLaunch";
			};
			name = Release;
		};
		1D7DC08825B9F5D10056F7F2 /* Debug */ = {
			isa = XCBuildConfiguration;
			buildSettings = {
				ALWAYS_EMBED_SWIFT_STANDARD_LIBRARIES = YES;
				CODE_SIGN_STYLE = Automatic;
				DEVELOPMENT_TEAM = 949Z9P63ML;
				INFOPLIST_FILE = AppLaunchUITests/Info.plist;
				LD_RUNPATH_SEARCH_PATHS = (
					"$(inherited)",
					"@executable_path/Frameworks",
					"@loader_path/Frameworks",
				);
				PRODUCT_BUNDLE_IDENTIFIER = com.ignasiperez.AppLaunchUITests;
				PRODUCT_NAME = "$(TARGET_NAME)";
				SWIFT_VERSION = 5.0;
				TARGETED_DEVICE_FAMILY = "1,2";
				TEST_TARGET_NAME = AppLaunch;
			};
			name = Debug;
		};
		1D7DC08925B9F5D10056F7F2 /* Release */ = {
			isa = XCBuildConfiguration;
			buildSettings = {
				ALWAYS_EMBED_SWIFT_STANDARD_LIBRARIES = YES;
				CODE_SIGN_STYLE = Automatic;
				DEVELOPMENT_TEAM = 949Z9P63ML;
				INFOPLIST_FILE = AppLaunchUITests/Info.plist;
				LD_RUNPATH_SEARCH_PATHS = (
					"$(inherited)",
					"@executable_path/Frameworks",
					"@loader_path/Frameworks",
				);
				PRODUCT_BUNDLE_IDENTIFIER = com.ignasiperez.AppLaunchUITests;
				PRODUCT_NAME = "$(TARGET_NAME)";
				SWIFT_VERSION = 5.0;
				TARGETED_DEVICE_FAMILY = "1,2";
				TEST_TARGET_NAME = AppLaunch;
			};
			name = Release;
		};
/* End XCBuildConfiguration section */

/* Begin XCConfigurationList section */
		1D7DC05225B9F5CD0056F7F2 /* Build configuration list for PBXProject "AppLaunch" */ = {
			isa = XCConfigurationList;
			buildConfigurations = (
				1D7DC07F25B9F5D10056F7F2 /* Debug */,
				1D7DC08025B9F5D10056F7F2 /* Release */,
			);
			defaultConfigurationIsVisible = 0;
			defaultConfigurationName = Release;
		};
		1D7DC08125B9F5D10056F7F2 /* Build configuration list for PBXNativeTarget "AppLaunch" */ = {
			isa = XCConfigurationList;
			buildConfigurations = (
				1D7DC08225B9F5D10056F7F2 /* Debug */,
				1D7DC08325B9F5D10056F7F2 /* Release */,
			);
			defaultConfigurationIsVisible = 0;
			defaultConfigurationName = Release;
		};
		1D7DC08425B9F5D10056F7F2 /* Build configuration list for PBXNativeTarget "AppLaunchTests" */ = {
			isa = XCConfigurationList;
			buildConfigurations = (
				1D7DC08525B9F5D10056F7F2 /* Debug */,
				1D7DC08625B9F5D10056F7F2 /* Release */,
			);
			defaultConfigurationIsVisible = 0;
			defaultConfigurationName = Release;
		};
		1D7DC08725B9F5D10056F7F2 /* Build configuration list for PBXNativeTarget "AppLaunchUITests" */ = {
			isa = XCConfigurationList;
			buildConfigurations = (
				1D7DC08825B9F5D10056F7F2 /* Debug */,
				1D7DC08925B9F5D10056F7F2 /* Release */,
			);
			defaultConfigurationIsVisible = 0;
			defaultConfigurationName = Release;
		};
/* End XCConfigurationList section */
	};
	rootObject = 1D7DC04F25B9F5CD0056F7F2 /* Project object */;
}
