// !$*UTF8*$!
{
	archiveVersion = 1;
	classes = {
	};
	objectVersion = 50;
	objects = {

/* Begin PBXBuildFile section */
		1D710E7225B0CBBF00388628 /* MyClassTest.swift in Sources */ = {isa = PBXBuildFile; fileRef = 1D710E7125B0CBBF00388628 /* MyClassTest.swift */; };
		1D710E7725B0CBD300388628 /* MyClass.swift in Sources */ = {isa = PBXBuildFile; fileRef = 1D710E7625B0CBD300388628 /* MyClass.swift */; };
		1DD3DE6225B0CA8200B1C5AB /* AppDelegate.swift in Sources */ = {isa = PBXBuildFile; fileRef = 1DD3DE6125B0CA8200B1C5AB /* AppDelegate.swift */; };
		1DD3DE6425B0CA8200B1C5AB /* SceneDelegate.swift in Sources */ = {isa = PBXBuildFile; fileRef = 1DD3DE6325B0CA8200B1C5AB /* SceneDelegate.swift */; };
		1DD3DE6625B0CA8200B1C5AB /* ViewController.swift in Sources */ = {isa = PBXBuildFile; fileRef = 1DD3DE6525B0CA8200B1C5AB /* ViewController.swift */; };
		1DD3DE6925B0CA8200B1C5AB /* Main.storyboard in Resources */ = {isa = PBXBuildFile; fileRef = 1DD3DE6725B0CA8200B1C5AB /* Main.storyboard */; };
		1DD3DE6B25B0CA8600B1C5AB /* Assets.xcassets in Resources */ = {isa = PBXBuildFile; fileRef = 1DD3DE6A25B0CA8600B1C5AB /* Assets.xcassets */; };
		1DD3DE6E25B0CA8600B1C5AB /* LaunchScreen.storyboard in Resources */ = {isa = PBXBuildFile; fileRef = 1DD3DE6C25B0CA8600B1C5AB /* LaunchScreen.storyboard */; };
		1DD3DE8425B0CA8600B1C5AB /* LifeCycleUITests.swift in Sources */ = {isa = PBXBuildFile; fileRef = 1DD3DE8325B0CA8600B1C5AB /* LifeCycleUITests.swift */; };
/* End PBXBuildFile section */

/* Begin PBXContainerItemProxy section */
		1DD3DE7525B0CA8600B1C5AB /* PBXContainerItemProxy */ = {
			isa = PBXContainerItemProxy;
			containerPortal = 1DD3DE5625B0CA8200B1C5AB /* Project object */;
			proxyType = 1;
			remoteGlobalIDString = 1DD3DE5D25B0CA8200B1C5AB;
			remoteInfo = LifeCycle;
		};
		1DD3DE8025B0CA8600B1C5AB /* PBXContainerItemProxy */ = {
			isa = PBXContainerItemProxy;
			containerPortal = 1DD3DE5625B0CA8200B1C5AB /* Project object */;
			proxyType = 1;
			remoteGlobalIDString = 1DD3DE5D25B0CA8200B1C5AB;
			remoteInfo = LifeCycle;
		};
/* End PBXContainerItemProxy section */

/* Begin PBXFileReference section */
		1D710E7125B0CBBF00388628 /* MyClassTest.swift */ = {isa = PBXFileReference; lastKnownFileType = sourcecode.swift; path = MyClassTest.swift; sourceTree = "<group>"; };
		1D710E7625B0CBD300388628 /* MyClass.swift */ = {isa = PBXFileReference; lastKnownFileType = sourcecode.swift; path = MyClass.swift; sourceTree = "<group>"; };
		1DD3DE5E25B0CA8200B1C5AB /* LifeCycle.app */ = {isa = PBXFileReference; explicitFileType = wrapper.application; includeInIndex = 0; path = LifeCycle.app; sourceTree = BUILT_PRODUCTS_DIR; };
		1DD3DE6125B0CA8200B1C5AB /* AppDelegate.swift */ = {isa = PBXFileReference; lastKnownFileType = sourcecode.swift; path = AppDelegate.swift; sourceTree = "<group>"; };
		1DD3DE6325B0CA8200B1C5AB /* SceneDelegate.swift */ = {isa = PBXFileReference; lastKnownFileType = sourcecode.swift; path = SceneDelegate.swift; sourceTree = "<group>"; };
		1DD3DE6525B0CA8200B1C5AB /* ViewController.swift */ = {isa = PBXFileReference; lastKnownFileType = sourcecode.swift; path = ViewController.swift; sourceTree = "<group>"; };
		1DD3DE6825B0CA8200B1C5AB /* Base */ = {isa = PBXFileReference; lastKnownFileType = file.storyboard; name = Base; path = Base.lproj/Main.storyboard; sourceTree = "<group>"; };
		1DD3DE6A25B0CA8600B1C5AB /* Assets.xcassets */ = {isa = PBXFileReference; lastKnownFileType = folder.assetcatalog; path = Assets.xcassets; sourceTree = "<group>"; };
		1DD3DE6D25B0CA8600B1C5AB /* Base */ = {isa = PBXFileReference; lastKnownFileType = file.storyboard; name = Base; path = Base.lproj/LaunchScreen.storyboard; sourceTree = "<group>"; };
		1DD3DE6F25B0CA8600B1C5AB /* Info.plist */ = {isa = PBXFileReference; lastKnownFileType = text.plist.xml; path = Info.plist; sourceTree = "<group>"; };
		1DD3DE7425B0CA8600B1C5AB /* LifeCycleTests.xctest */ = {isa = PBXFileReference; explicitFileType = wrapper.cfbundle; includeInIndex = 0; path = LifeCycleTests.xctest; sourceTree = BUILT_PRODUCTS_DIR; };
		1DD3DE7A25B0CA8600B1C5AB /* Info.plist */ = {isa = PBXFileReference; lastKnownFileType = text.plist.xml; path = Info.plist; sourceTree = "<group>"; };
		1DD3DE7F25B0CA8600B1C5AB /* LifeCycleUITests.xctest */ = {isa = PBXFileReference; explicitFileType = wrapper.cfbundle; includeInIndex = 0; path = LifeCycleUITests.xctest; sourceTree = BUILT_PRODUCTS_DIR; };
		1DD3DE8325B0CA8600B1C5AB /* LifeCycleUITests.swift */ = {isa = PBXFileReference; lastKnownFileType = sourcecode.swift; path = LifeCycleUITests.swift; sourceTree = "<group>"; };
		1DD3DE8525B0CA8600B1C5AB /* Info.plist */ = {isa = PBXFileReference; lastKnownFileType = text.plist.xml; path = Info.plist; sourceTree = "<group>"; };
/* End PBXFileReference section */

/* Begin PBXFrameworksBuildPhase section */
		1DD3DE5B25B0CA8200B1C5AB /* Frameworks */ = {
			isa = PBXFrameworksBuildPhase;
			buildActionMask = 2147483647;
			files = (
			);
			runOnlyForDeploymentPostprocessing = 0;
		};
		1DD3DE7125B0CA8600B1C5AB /* Frameworks */ = {
			isa = PBXFrameworksBuildPhase;
			buildActionMask = 2147483647;
			files = (
			);
			runOnlyForDeploymentPostprocessing = 0;
		};
		1DD3DE7C25B0CA8600B1C5AB /* Frameworks */ = {
			isa = PBXFrameworksBuildPhase;
			buildActionMask = 2147483647;
			files = (
			);
			runOnlyForDeploymentPostprocessing = 0;
		};
/* End PBXFrameworksBuildPhase section */

/* Begin PBXGroup section */
		1DD3DE5525B0CA8200B1C5AB = {
			isa = PBXGroup;
			children = (
				1DD3DE6025B0CA8200B1C5AB /* LifeCycle */,
				1DD3DE7725B0CA8600B1C5AB /* LifeCycleTests */,
				1DD3DE8225B0CA8600B1C5AB /* LifeCycleUITests */,
				1DD3DE5F25B0CA8200B1C5AB /* Products */,
			);
			sourceTree = "<group>";
		};
		1DD3DE5F25B0CA8200B1C5AB /* Products */ = {
			isa = PBXGroup;
			children = (
				1DD3DE5E25B0CA8200B1C5AB /* LifeCycle.app */,
				1DD3DE7425B0CA8600B1C5AB /* LifeCycleTests.xctest */,
				1DD3DE7F25B0CA8600B1C5AB /* LifeCycleUITests.xctest */,
			);
			name = Products;
			sourceTree = "<group>";
		};
		1DD3DE6025B0CA8200B1C5AB /* LifeCycle */ = {
			isa = PBXGroup;
			children = (
				1DD3DE6125B0CA8200B1C5AB /* AppDelegate.swift */,
				1DD3DE6325B0CA8200B1C5AB /* SceneDelegate.swift */,
				1DD3DE6525B0CA8200B1C5AB /* ViewController.swift */,
				1DD3DE6725B0CA8200B1C5AB /* Main.storyboard */,
				1DD3DE6A25B0CA8600B1C5AB /* Assets.xcassets */,
				1DD3DE6C25B0CA8600B1C5AB /* LaunchScreen.storyboard */,
				1DD3DE6F25B0CA8600B1C5AB /* Info.plist */,
				1D710E7625B0CBD300388628 /* MyClass.swift */,
			);
			path = LifeCycle;
			sourceTree = "<group>";
		};
		1DD3DE7725B0CA8600B1C5AB /* LifeCycleTests */ = {
			isa = PBXGroup;
			children = (
				1DD3DE7A25B0CA8600B1C5AB /* Info.plist */,
				1D710E7125B0CBBF00388628 /* MyClassTest.swift */,
			);
			path = LifeCycleTests;
			sourceTree = "<group>";
		};
		1DD3DE8225B0CA8600B1C5AB /* LifeCycleUITests */ = {
			isa = PBXGroup;
			children = (
				1DD3DE8325B0CA8600B1C5AB /* LifeCycleUITests.swift */,
				1DD3DE8525B0CA8600B1C5AB /* Info.plist */,
			);
			path = LifeCycleUITests;
			sourceTree = "<group>";
		};
/* End PBXGroup section */

/* Begin PBXNativeTarget section */
		1DD3DE5D25B0CA8200B1C5AB /* LifeCycle */ = {
			isa = PBXNativeTarget;
			buildConfigurationList = 1DD3DE8825B0CA8600B1C5AB /* Build configuration list for PBXNativeTarget "LifeCycle" */;
			buildPhases = (
				1DD3DE5A25B0CA8200B1C5AB /* Sources */,
				1DD3DE5B25B0CA8200B1C5AB /* Frameworks */,
				1DD3DE5C25B0CA8200B1C5AB /* Resources */,
			);
			buildRules = (
			);
			dependencies = (
			);
			name = LifeCycle;
			productName = LifeCycle;
			productReference = 1DD3DE5E25B0CA8200B1C5AB /* LifeCycle.app */;
			productType = "com.apple.product-type.application";
		};
		1DD3DE7325B0CA8600B1C5AB /* LifeCycleTests */ = {
			isa = PBXNativeTarget;
			buildConfigurationList = 1DD3DE8B25B0CA8600B1C5AB /* Build configuration list for PBXNativeTarget "LifeCycleTests" */;
			buildPhases = (
				1DD3DE7025B0CA8600B1C5AB /* Sources */,
				1DD3DE7125B0CA8600B1C5AB /* Frameworks */,
				1DD3DE7225B0CA8600B1C5AB /* Resources */,
			);
			buildRules = (
			);
			dependencies = (
				1DD3DE7625B0CA8600B1C5AB /* PBXTargetDependency */,
			);
			name = LifeCycleTests;
			productName = LifeCycleTests;
			productReference = 1DD3DE7425B0CA8600B1C5AB /* LifeCycleTests.xctest */;
			productType = "com.apple.product-type.bundle.unit-test";
		};
		1DD3DE7E25B0CA8600B1C5AB /* LifeCycleUITests */ = {
			isa = PBXNativeTarget;
			buildConfigurationList = 1DD3DE8E25B0CA8600B1C5AB /* Build configuration list for PBXNativeTarget "LifeCycleUITests" */;
			buildPhases = (
				1DD3DE7B25B0CA8600B1C5AB /* Sources */,
				1DD3DE7C25B0CA8600B1C5AB /* Frameworks */,
				1DD3DE7D25B0CA8600B1C5AB /* Resources */,
			);
			buildRules = (
			);
			dependencies = (
				1DD3DE8125B0CA8600B1C5AB /* PBXTargetDependency */,
			);
			name = LifeCycleUITests;
			productName = LifeCycleUITests;
			productReference = 1DD3DE7F25B0CA8600B1C5AB /* LifeCycleUITests.xctest */;
			productType = "com.apple.product-type.bundle.ui-testing";
		};
/* End PBXNativeTarget section */

/* Begin PBXProject section */
		1DD3DE5625B0CA8200B1C5AB /* Project object */ = {
			isa = PBXProject;
			attributes = {
				LastSwiftUpdateCheck = 1230;
				LastUpgradeCheck = 1230;
				TargetAttributes = {
					1DD3DE5D25B0CA8200B1C5AB = {
						CreatedOnToolsVersion = 12.3;
					};
					1DD3DE7325B0CA8600B1C5AB = {
						CreatedOnToolsVersion = 12.3;
						LastSwiftMigration = 1230;
						TestTargetID = 1DD3DE5D25B0CA8200B1C5AB;
					};
					1DD3DE7E25B0CA8600B1C5AB = {
						CreatedOnToolsVersion = 12.3;
						TestTargetID = 1DD3DE5D25B0CA8200B1C5AB;
					};
				};
			};
			buildConfigurationList = 1DD3DE5925B0CA8200B1C5AB /* Build configuration list for PBXProject "LifeCycle" */;
			compatibilityVersion = "Xcode 9.3";
			developmentRegion = en;
			hasScannedForEncodings = 0;
			knownRegions = (
				en,
				Base,
			);
			mainGroup = 1DD3DE5525B0CA8200B1C5AB;
			productRefGroup = 1DD3DE5F25B0CA8200B1C5AB /* Products */;
			projectDirPath = "";
			projectRoot = "";
			targets = (
				1DD3DE5D25B0CA8200B1C5AB /* LifeCycle */,
				1DD3DE7325B0CA8600B1C5AB /* LifeCycleTests */,
				1DD3DE7E25B0CA8600B1C5AB /* LifeCycleUITests */,
			);
		};
/* End PBXProject section */

/* Begin PBXResourcesBuildPhase section */
		1DD3DE5C25B0CA8200B1C5AB /* Resources */ = {
			isa = PBXResourcesBuildPhase;
			buildActionMask = 2147483647;
			files = (
				1DD3DE6E25B0CA8600B1C5AB /* LaunchScreen.storyboard in Resources */,
				1DD3DE6B25B0CA8600B1C5AB /* Assets.xcassets in Resources */,
				1DD3DE6925B0CA8200B1C5AB /* Main.storyboard in Resources */,
			);
			runOnlyForDeploymentPostprocessing = 0;
		};
		1DD3DE7225B0CA8600B1C5AB /* Resources */ = {
			isa = PBXResourcesBuildPhase;
			buildActionMask = 2147483647;
			files = (
			);
			runOnlyForDeploymentPostprocessing = 0;
		};
		1DD3DE7D25B0CA8600B1C5AB /* Resources */ = {
			isa = PBXResourcesBuildPhase;
			buildActionMask = 2147483647;
			files = (
			);
			runOnlyForDeploymentPostprocessing = 0;
		};
/* End PBXResourcesBuildPhase section */

/* Begin PBXSourcesBuildPhase section */
		1DD3DE5A25B0CA8200B1C5AB /* Sources */ = {
			isa = PBXSourcesBuildPhase;
			buildActionMask = 2147483647;
			files = (
				1D710E7725B0CBD300388628 /* MyClass.swift in Sources */,
				1DD3DE6625B0CA8200B1C5AB /* ViewController.swift in Sources */,
				1DD3DE6225B0CA8200B1C5AB /* AppDelegate.swift in Sources */,
				1DD3DE6425B0CA8200B1C5AB /* SceneDelegate.swift in Sources */,
			);
			runOnlyForDeploymentPostprocessing = 0;
		};
		1DD3DE7025B0CA8600B1C5AB /* Sources */ = {
			isa = PBXSourcesBuildPhase;
			buildActionMask = 2147483647;
			files = (
				1D710E7225B0CBBF00388628 /* MyClassTest.swift in Sources */,
			);
			runOnlyForDeploymentPostprocessing = 0;
		};
		1DD3DE7B25B0CA8600B1C5AB /* Sources */ = {
			isa = PBXSourcesBuildPhase;
			buildActionMask = 2147483647;
			files = (
				1DD3DE8425B0CA8600B1C5AB /* LifeCycleUITests.swift in Sources */,
			);
			runOnlyForDeploymentPostprocessing = 0;
		};
/* End PBXSourcesBuildPhase section */

/* Begin PBXTargetDependency section */
		1DD3DE7625B0CA8600B1C5AB /* PBXTargetDependency */ = {
			isa = PBXTargetDependency;
			target = 1DD3DE5D25B0CA8200B1C5AB /* LifeCycle */;
			targetProxy = 1DD3DE7525B0CA8600B1C5AB /* PBXContainerItemProxy */;
		};
		1DD3DE8125B0CA8600B1C5AB /* PBXTargetDependency */ = {
			isa = PBXTargetDependency;
			target = 1DD3DE5D25B0CA8200B1C5AB /* LifeCycle */;
			targetProxy = 1DD3DE8025B0CA8600B1C5AB /* PBXContainerItemProxy */;
		};
/* End PBXTargetDependency section */

/* Begin PBXVariantGroup section */
		1DD3DE6725B0CA8200B1C5AB /* Main.storyboard */ = {
			isa = PBXVariantGroup;
			children = (
				1DD3DE6825B0CA8200B1C5AB /* Base */,
			);
			name = Main.storyboard;
			sourceTree = "<group>";
		};
		1DD3DE6C25B0CA8600B1C5AB /* LaunchScreen.storyboard */ = {
			isa = PBXVariantGroup;
			children = (
				1DD3DE6D25B0CA8600B1C5AB /* Base */,
			);
			name = LaunchScreen.storyboard;
			sourceTree = "<group>";
		};
/* End PBXVariantGroup section */

/* Begin XCBuildConfiguration section */
		1DD3DE8625B0CA8600B1C5AB /* Debug */ = {
			isa = XCBuildConfiguration;
			buildSettings = {
				ALWAYS_SEARCH_USER_PATHS = NO;
				CLANG_ANALYZER_NONNULL = YES;
				CLANG_ANALYZER_NUMBER_OBJECT_CONVERSION = YES_AGGRESSIVE;
				CLANG_CXX_LANGUAGE_STANDARD = "gnu++14";
				CLANG_CXX_LIBRARY = "libc++";
				CLANG_ENABLE_MODULES = YES;
				CLANG_ENABLE_OBJC_ARC = YES;
				CLANG_ENABLE_OBJC_WEAK = YES;
				CLANG_WARN_BLOCK_CAPTURE_AUTORELEASING = YES;
				CLANG_WARN_BOOL_CONVERSION = YES;
				CLANG_WARN_COMMA = YES;
				CLANG_WARN_CONSTANT_CONVERSION = YES;
				CLANG_WARN_DEPRECATED_OBJC_IMPLEMENTATIONS = YES;
				CLANG_WARN_DIRECT_OBJC_ISA_USAGE = YES_ERROR;
				CLANG_WARN_DOCUMENTATION_COMMENTS = YES;
				CLANG_WARN_EMPTY_BODY = YES;
				CLANG_WARN_ENUM_CONVERSION = YES;
				CLANG_WARN_INFINITE_RECURSION = YES;
				CLANG_WARN_INT_CONVERSION = YES;
				CLANG_WARN_NON_LITERAL_NULL_CONVERSION = YES;
				CLANG_WARN_OBJC_IMPLICIT_RETAIN_SELF = YES;
				CLANG_WARN_OBJC_LITERAL_CONVERSION = YES;
				CLANG_WARN_OBJC_ROOT_CLASS = YES_ERROR;
				CLANG_WARN_QUOTED_INCLUDE_IN_FRAMEWORK_HEADER = YES;
				CLANG_WARN_RANGE_LOOP_ANALYSIS = YES;
				CLANG_WARN_STRICT_PROTOTYPES = YES;
				CLANG_WARN_SUSPICIOUS_MOVE = YES;
				CLANG_WARN_UNGUARDED_AVAILABILITY = YES_AGGRESSIVE;
				CLANG_WARN_UNREACHABLE_CODE = YES;
				CLANG_WARN__DUPLICATE_METHOD_MATCH = YES;
				COPY_PHASE_STRIP = NO;
				DEBUG_INFORMATION_FORMAT = dwarf;
				ENABLE_STRICT_OBJC_MSGSEND = YES;
				ENABLE_TESTABILITY = YES;
				GCC_C_LANGUAGE_STANDARD = gnu11;
				GCC_DYNAMIC_NO_PIC = NO;
				GCC_NO_COMMON_BLOCKS = YES;
				GCC_OPTIMIZATION_LEVEL = 0;
				GCC_PREPROCESSOR_DEFINITIONS = (
					"DEBUG=1",
					"$(inherited)",
				);
				GCC_WARN_64_TO_32_BIT_CONVERSION = YES;
				GCC_WARN_ABOUT_RETURN_TYPE = YES_ERROR;
				GCC_WARN_UNDECLARED_SELECTOR = YES;
				GCC_WARN_UNINITIALIZED_AUTOS = YES_AGGRESSIVE;
				GCC_WARN_UNUSED_FUNCTION = YES;
				GCC_WARN_UNUSED_VARIABLE = YES;
				IPHONEOS_DEPLOYMENT_TARGET = 14.3;
				MTL_ENABLE_DEBUG_INFO = INCLUDE_SOURCE;
				MTL_FAST_MATH = YES;
				ONLY_ACTIVE_ARCH = YES;
				SDKROOT = iphoneos;
				SWIFT_ACTIVE_COMPILATION_CONDITIONS = DEBUG;
				SWIFT_OPTIMIZATION_LEVEL = "-Onone";
			};
			name = Debug;
		};
		1DD3DE8725B0CA8600B1C5AB /* Release */ = {
			isa = XCBuildConfiguration;
			buildSettings = {
				ALWAYS_SEARCH_USER_PATHS = NO;
				CLANG_ANALYZER_NONNULL = YES;
				CLANG_ANALYZER_NUMBER_OBJECT_CONVERSION = YES_AGGRESSIVE;
				CLANG_CXX_LANGUAGE_STANDARD = "gnu++14";
				CLANG_CXX_LIBRARY = "libc++";
				CLANG_ENABLE_MODULES = YES;
				CLANG_ENABLE_OBJC_ARC = YES;
				CLANG_ENABLE_OBJC_WEAK = YES;
				CLANG_WARN_BLOCK_CAPTURE_AUTORELEASING = YES;
				CLANG_WARN_BOOL_CONVERSION = YES;
				CLANG_WARN_COMMA = YES;
				CLANG_WARN_CONSTANT_CONVERSION = YES;
				CLANG_WARN_DEPRECATED_OBJC_IMPLEMENTATIONS = YES;
				CLANG_WARN_DIRECT_OBJC_ISA_USAGE = YES_ERROR;
				CLANG_WARN_DOCUMENTATION_COMMENTS = YES;
				CLANG_WARN_EMPTY_BODY = YES;
				CLANG_WARN_ENUM_CONVERSION = YES;
				CLANG_WARN_INFINITE_RECURSION = YES;
				CLANG_WARN_INT_CONVERSION = YES;
				CLANG_WARN_NON_LITERAL_NULL_CONVERSION = YES;
				CLANG_WARN_OBJC_IMPLICIT_RETAIN_SELF = YES;
				CLANG_WARN_OBJC_LITERAL_CONVERSION = YES;
				CLANG_WARN_OBJC_ROOT_CLASS = YES_ERROR;
				CLANG_WARN_QUOTED_INCLUDE_IN_FRAMEWORK_HEADER = YES;
				CLANG_WARN_RANGE_LOOP_ANALYSIS = YES;
				CLANG_WARN_STRICT_PROTOTYPES = YES;
				CLANG_WARN_SUSPICIOUS_MOVE = YES;
				CLANG_WARN_UNGUARDED_AVAILABILITY = YES_AGGRESSIVE;
				CLANG_WARN_UNREACHABLE_CODE = YES;
				CLANG_WARN__DUPLICATE_METHOD_MATCH = YES;
				COPY_PHASE_STRIP = NO;
				DEBUG_INFORMATION_FORMAT = "dwarf-with-dsym";
				ENABLE_NS_ASSERTIONS = NO;
				ENABLE_STRICT_OBJC_MSGSEND = YES;
				GCC_C_LANGUAGE_STANDARD = gnu11;
				GCC_NO_COMMON_BLOCKS = YES;
				GCC_WARN_64_TO_32_BIT_CONVERSION = YES;
				GCC_WARN_ABOUT_RETURN_TYPE = YES_ERROR;
				GCC_WARN_UNDECLARED_SELECTOR = YES;
				GCC_WARN_UNINITIALIZED_AUTOS = YES_AGGRESSIVE;
				GCC_WARN_UNUSED_FUNCTION = YES;
				GCC_WARN_UNUSED_VARIABLE = YES;
				IPHONEOS_DEPLOYMENT_TARGET = 14.3;
				MTL_ENABLE_DEBUG_INFO = NO;
				MTL_FAST_MATH = YES;
				SDKROOT = iphoneos;
				SWIFT_COMPILATION_MODE = wholemodule;
				SWIFT_OPTIMIZATION_LEVEL = "-O";
				VALIDATE_PRODUCT = YES;
			};
			name = Release;
		};
		1DD3DE8925B0CA8600B1C5AB /* Debug */ = {
			isa = XCBuildConfiguration;
			buildSettings = {
				ASSETCATALOG_COMPILER_APPICON_NAME = AppIcon;
				ASSETCATALOG_COMPILER_GLOBAL_ACCENT_COLOR_NAME = AccentColor;
				CODE_SIGN_STYLE = Automatic;
				DEVELOPMENT_TEAM = 949Z9P63ML;
				INFOPLIST_FILE = LifeCycle/Info.plist;
				LD_RUNPATH_SEARCH_PATHS = (
					"$(inherited)",
					"@executable_path/Frameworks",
				);
				PRODUCT_BUNDLE_IDENTIFIER = com.ignasiperez.LifeCycle;
				PRODUCT_NAME = "$(TARGET_NAME)";
				SWIFT_VERSION = 5.0;
				TARGETED_DEVICE_FAMILY = "1,2";
			};
			name = Debug;
		};
		1DD3DE8A25B0CA8600B1C5AB /* Release */ = {
			isa = XCBuildConfiguration;
			buildSettings = {
				ASSETCATALOG_COMPILER_APPICON_NAME = AppIcon;
				ASSETCATALOG_COMPILER_GLOBAL_ACCENT_COLOR_NAME = AccentColor;
				CODE_SIGN_STYLE = Automatic;
				DEVELOPMENT_TEAM = 949Z9P63ML;
				INFOPLIST_FILE = LifeCycle/Info.plist;
				LD_RUNPATH_SEARCH_PATHS = (
					"$(inherited)",
					"@executable_path/Frameworks",
				);
				PRODUCT_BUNDLE_IDENTIFIER = com.ignasiperez.LifeCycle;
				PRODUCT_NAME = "$(TARGET_NAME)";
				SWIFT_VERSION = 5.0;
				TARGETED_DEVICE_FAMILY = "1,2";
			};
			name = Release;
		};
		1DD3DE8C25B0CA8600B1C5AB /* Debug */ = {
			isa = XCBuildConfiguration;
			buildSettings = {
				ALWAYS_EMBED_SWIFT_STANDARD_LIBRARIES = YES;
				BUNDLE_LOADER = "$(TEST_HOST)";
				CLANG_ENABLE_MODULES = YES;
				CODE_SIGN_STYLE = Automatic;
				DEVELOPMENT_TEAM = 949Z9P63ML;
				INFOPLIST_FILE = LifeCycleTests/Info.plist;
				IPHONEOS_DEPLOYMENT_TARGET = 14.3;
				LD_RUNPATH_SEARCH_PATHS = (
					"$(inherited)",
					"@executable_path/Frameworks",
					"@loader_path/Frameworks",
				);
				PRODUCT_BUNDLE_IDENTIFIER = com.ignasiperez.LifeCycleTests;
				PRODUCT_NAME = "$(TARGET_NAME)";
				SWIFT_OPTIMIZATION_LEVEL = "-Onone";
				SWIFT_VERSION = 5.0;
				TARGETED_DEVICE_FAMILY = "1,2";
				TEST_HOST = "$(BUILT_PRODUCTS_DIR)/LifeCycle.app/LifeCycle";
			};
			name = Debug;
		};
		1DD3DE8D25B0CA8600B1C5AB /* Release */ = {
			isa = XCBuildConfiguration;
			buildSettings = {
				ALWAYS_EMBED_SWIFT_STANDARD_LIBRARIES = YES;
				BUNDLE_LOADER = "$(TEST_HOST)";
				CLANG_ENABLE_MODULES = YES;
				CODE_SIGN_STYLE = Automatic;
				DEVELOPMENT_TEAM = 949Z9P63ML;
				INFOPLIST_FILE = LifeCycleTests/Info.plist;
				IPHONEOS_DEPLOYMENT_TARGET = 14.3;
				LD_RUNPATH_SEARCH_PATHS = (
					"$(inherited)",
					"@executable_path/Frameworks",
					"@loader_path/Frameworks",
				);
				PRODUCT_BUNDLE_IDENTIFIER = com.ignasiperez.LifeCycleTests;
				PRODUCT_NAME = "$(TARGET_NAME)";
				SWIFT_VERSION = 5.0;
				TARGETED_DEVICE_FAMILY = "1,2";
				TEST_HOST = "$(BUILT_PRODUCTS_DIR)/LifeCycle.app/LifeCycle";
			};
			name = Release;
		};
		1DD3DE8F25B0CA8600B1C5AB /* Debug */ = {
			isa = XCBuildConfiguration;
			buildSettings = {
				ALWAYS_EMBED_SWIFT_STANDARD_LIBRARIES = YES;
				CODE_SIGN_STYLE = Automatic;
				DEVELOPMENT_TEAM = 949Z9P63ML;
				INFOPLIST_FILE = LifeCycleUITests/Info.plist;
				LD_RUNPATH_SEARCH_PATHS = (
					"$(inherited)",
					"@executable_path/Frameworks",
					"@loader_path/Frameworks",
				);
				PRODUCT_BUNDLE_IDENTIFIER = com.ignasiperez.LifeCycleUITests;
				PRODUCT_NAME = "$(TARGET_NAME)";
				SWIFT_VERSION = 5.0;
				TARGETED_DEVICE_FAMILY = "1,2";
				TEST_TARGET_NAME = LifeCycle;
			};
			name = Debug;
		};
		1DD3DE9025B0CA8600B1C5AB /* Release */ = {
			isa = XCBuildConfiguration;
			buildSettings = {
				ALWAYS_EMBED_SWIFT_STANDARD_LIBRARIES = YES;
				CODE_SIGN_STYLE = Automatic;
				DEVELOPMENT_TEAM = 949Z9P63ML;
				INFOPLIST_FILE = LifeCycleUITests/Info.plist;
				LD_RUNPATH_SEARCH_PATHS = (
					"$(inherited)",
					"@executable_path/Frameworks",
					"@loader_path/Frameworks",
				);
				PRODUCT_BUNDLE_IDENTIFIER = com.ignasiperez.LifeCycleUITests;
				PRODUCT_NAME = "$(TARGET_NAME)";
				SWIFT_VERSION = 5.0;
				TARGETED_DEVICE_FAMILY = "1,2";
				TEST_TARGET_NAME = LifeCycle;
			};
			name = Release;
		};
/* End XCBuildConfiguration section */

/* Begin XCConfigurationList section */
		1DD3DE5925B0CA8200B1C5AB /* Build configuration list for PBXProject "LifeCycle" */ = {
			isa = XCConfigurationList;
			buildConfigurations = (
				1DD3DE8625B0CA8600B1C5AB /* Debug */,
				1DD3DE8725B0CA8600B1C5AB /* Release */,
			);
			defaultConfigurationIsVisible = 0;
			defaultConfigurationName = Release;
		};
		1DD3DE8825B0CA8600B1C5AB /* Build configuration list for PBXNativeTarget "LifeCycle" */ = {
			isa = XCConfigurationList;
			buildConfigurations = (
				1DD3DE8925B0CA8600B1C5AB /* Debug */,
				1DD3DE8A25B0CA8600B1C5AB /* Release */,
			);
			defaultConfigurationIsVisible = 0;
			defaultConfigurationName = Release;
		};
		1DD3DE8B25B0CA8600B1C5AB /* Build configuration list for PBXNativeTarget "LifeCycleTests" */ = {
			isa = XCConfigurationList;
			buildConfigurations = (
				1DD3DE8C25B0CA8600B1C5AB /* Debug */,
				1DD3DE8D25B0CA8600B1C5AB /* Release */,
			);
			defaultConfigurationIsVisible = 0;
			defaultConfigurationName = Release;
		};
		1DD3DE8E25B0CA8600B1C5AB /* Build configuration list for PBXNativeTarget "LifeCycleUITests" */ = {
			isa = XCConfigurationList;
			buildConfigurations = (
				1DD3DE8F25B0CA8600B1C5AB /* Debug */,
				1DD3DE9025B0CA8600B1C5AB /* Release */,
			);
			defaultConfigurationIsVisible = 0;
			defaultConfigurationName = Release;
		};
/* End XCConfigurationList section */
	};
	rootObject = 1DD3DE5625B0CA8200B1C5AB /* Project object */;
}
